{
  "name": "babylonjs-console3",
  "version": "1.0.0",
  "lockfileVersion": 1,
  "requires": true,
  "dependencies": {
    "@types/node": {
      "version": "14.17.15",
      "resolved": "https://registry.npmjs.org/@types/node/-/node-14.17.15.tgz",
      "integrity": "sha512-D1sdW0EcSCmNdLKBGMYb38YsHUS6JcM7yQ6sLQ9KuZ35ck7LYCKE7kYFHOO59ayFOY3zobWVZxf4KXhYHcHYFA==",
      "dev": true
    },
    "@types/source-map": {
      "version": "0.5.2",
      "resolved": "https://registry.npmjs.org/@types/source-map/-/source-map-0.5.2.tgz",
      "integrity": "sha512-++w4WmMbk3dS3UeHGzAG+xJOSz5Xqtjys/TBkqG3qp3SeWE7Wwezqe5eB7B51cxUyh4PW7bwVotpsLdBK0D8cw==",
      "dev": true
    },
    "babylonjs": {
      "version": "5.0.0-alpha.62",
      "resolved": "https://registry.npmjs.org/babylonjs/-/babylonjs-5.0.0-alpha.62.tgz",
      "integrity": "sha512-F7Uh1p7qsSRRx15I6Tj4dfnxAfcQYLcGZPuIJWssUdoSE1ztP9s/v1hhA3+fx3EpGuotlGztGdDWjRiMtfB4tw=="
    },
    "babylonjs-gui": {
      "version": "5.0.0-alpha.62",
      "resolved": "https://registry.npmjs.org/babylonjs-gui/-/babylonjs-gui-5.0.0-alpha.62.tgz",
      "integrity": "sha512-pWPSC1mR9euEEc95Tguxj8g//KtKF5L36lE8AGOoHAF+BD0inLq3l7eZh3GaDZCZ17OH8WhLzG6d/GYj/sZ7sg==",
      "requires": {
        "babylonjs": "5.0.0-alpha.62"
      }
    },
    "typescript": {
      "version": "4.5.2",
      "resolved": "https://registry.npmjs.org/typescript/-/typescript-4.5.2.tgz",
      "integrity": "sha512-5BlMof9H1yGt0P8/WF+wPNw6GfctgGjXp5hkblpyT+8rkASSmkUKMXrxR0Xg8ThVCi/JnHQiKXeBaEwCeQwMFw==",
      "dev": true
    }
  }
}
